<?xml version="1.0" encoding="utf-8"?>
<Project ToolsVersion="4.0" xmlns="http://schemas.microsoft.com/developer/msbuild/2003">
  <ItemGroup>
    <Filter Include="Source Files">
      <UniqueIdentifier>{4FC737F1-C7A5-4376-A066-2A32D752A2FF}</UniqueIdentifier>
      <Extensions>cpp;c;cc;cxx;c++;cppm;ixx;def;odl;idl;hpj;bat;asm;asmx</Extensions>
    </Filter>
    <Filter Include="Header Files">
      <UniqueIdentifier>{93995380-89BD-4b04-88EB-625FBE52EBFB}</UniqueIdentifier>
      <Extensions>h;hh;hpp;hxx;h++;hm;inl;inc;ipp;xsd</Extensions>
    </Filter>
    <Filter Include="Resource Files">
      <UniqueIdentifier>{67DA6AB6-F800-4c08-8B7A-83BB121AAD01}</UniqueIdentifier>
      <Extensions>rc;ico;cur;bmp;dlg;rc2;rct;bin;rgs;gif;jpg;jpeg;jpe;resx;tiff;tif;png;wav;mfcribbon-ms</Extensions>
    </Filter>
    <Filter Include="Libraries">
      <UniqueIdentifier>{5edb6607-9c78-4d06-b566-57c3aa661fea}</UniqueIdentifier>
    </Filter>
    <Filter Include="Source Files\Week2">
      <UniqueIdentifier>{848a0458-7f8f-4c10-b168-9abcdadbfffb}</UniqueIdentifier>
    </Filter>
    <Filter Include="Source Files\Quiz1">
      <UniqueIdentifier>{9dc90647-be81-431a-ad76-8b3463dd11b6}</UniqueIdentifier>
    </Filter>
    <Filter Include="Source Files\Quiz2">
      <UniqueIdentifier>{51e86698-383a-407b-9b42-621b793deca2}</UniqueIdentifier>
    </Filter>
    <Filter Include="Source Files\Assignment2">
      <UniqueIdentifier>{b81e3022-0580-4ea4-8740-5f4f5161b1a5}</UniqueIdentifier>
    </Filter>
    <Filter Include="Source Files\Assignment3">
      <UniqueIdentifier>{f6aa0121-201d-4ab1-8426-7dc9089b7216}</UniqueIdentifier>
    </Filter>
    <Filter Include="Source Files\Week3">
      <UniqueIdentifier>{c007adc1-1c51-4271-a16c-b34d7c78b558}</UniqueIdentifier>
    </Filter>
  </ItemGroup>
  <ItemGroup>
    <ClCompile Include="1205-Sep2022.cpp">
      <Filter>Source Files</Filter>
    </ClCompile>
    <ClCompile Include="main.c">
      <Filter>Source Files</Filter>
    </ClCompile>
    <ClCompile Include="ArrayExample.cpp">
      <Filter>Source Files\Week2</Filter>
    </ClCompile>
    <ClCompile Include="Quiz1.cpp">
      <Filter>Source Files\Quiz1</Filter>
    </ClCompile>
    <ClCompile Include="Quiz2TsungChihKe.cpp">
      <Filter>Source Files\Quiz2</Filter>
    </ClCompile>
    <ClCompile Include="SwitchCase.cpp">
      <Filter>Source Files\Week2</Filter>
    </ClCompile>
    <ClCompile Include="Assignment2_TsungChihKe.cpp">
      <Filter>Source Files\Assignment2</Filter>
    </ClCompile>
    <ClCompile Include="Assignment3_TsungChihKe.cpp">
      <Filter>Source Files\Assignment3</Filter>
    </ClCompile>
    <ClCompile Include="Quiz3.cpp">
      <Filter>Source Files\Week3</Filter>
    </ClCompile>
    <ClCompile Include="Quiz4.cpp">
      <Filter>Source Files\Week3</Filter>
    </ClCompile>
  </ItemGroup>
  <ItemGroup>
    <ClInclude Include="ArrayExample.h">
      <Filter>Source Files\Week2</Filter>
    </ClInclude>
    <ClInclude Include="Quiz1.h">
      <Filter>Source Files\Quiz1</Filter>
    </ClInclude>
    <ClInclude Include="Quiz2TsungChihKe.h">
      <Filter>Source Files\Quiz2</Filter>
    </ClInclude>
    <ClInclude Include="Assignment2_TsungChihKe.h">
      <Filter>Source Files\Assignment2</Filter>
    </ClInclude>
    <ClInclude Include="Assignment3_TsungChihKe.h">
      <Filter>Source Files\Assignment3</Filter>
    </ClInclude>
    <ClInclude Include="Quiz3.h">
      <Filter>Source Files\Week3</Filter>
    </ClInclude>
    <ClInclude Include="Quiz4.h">
      <Filter>Source Files\Week3</Filter>
    </ClInclude>
  </ItemGroup>
</Project>