<?xml version="1.0" encoding="utf-8"?>
<Project ToolsVersion="4.0" xmlns="http://schemas.microsoft.com/developer/msbuild/2003">
  <ItemGroup>
    <Filter Include="Source Files">
      <UniqueIdentifier>{4FC737F1-C7A5-4376-A066-2A32D752A2FF}</UniqueIdentifier>
      <Extensions>cpp;c;cc;cxx;c++;cppm;ixx;def;odl;idl;hpj;bat;asm;asmx</Extensions>
    </Filter>
    <Filter Include="Header Files">
      <UniqueIdentifier>{93995380-89BD-4b04-88EB-625FBE52EBFB}</UniqueIdentifier>
      <Extensions>h;hh;hpp;hxx;h++;hm;inl;inc;ipp;xsd</Extensions>
    </Filter>
    <Filter Include="Resource Files">
      <UniqueIdentifier>{67DA6AB6-F800-4c08-8B7A-83BB121AAD01}</UniqueIdentifier>
      <Extensions>rc;ico;cur;bmp;dlg;rc2;rct;bin;rgs;gif;jpg;jpeg;jpe;resx;tiff;tif;png;wav;mfcribbon-ms</Extensions>
    </Filter>
    <Filter Include="Source Files\Week5">
      <UniqueIdentifier>{13a93851-e7c5-459a-b3c9-226eff0ddbb7}</UniqueIdentifier>
    </Filter>
    <Filter Include="Source Files\Assignment5">
      <UniqueIdentifier>{b1505d48-6159-4d19-8945-5f4429df2796}</UniqueIdentifier>
    </Filter>
    <Filter Include="Source Files\Assignment6">
      <UniqueIdentifier>{59961359-0e7d-4516-bf7b-fd0a33508da5}</UniqueIdentifier>
    </Filter>
    <Filter Include="Source Files\Filestream">
      <UniqueIdentifier>{30d67801-6daf-42a4-bcdb-5acc78ddb24c}</UniqueIdentifier>
    </Filter>
    <Filter Include="Source Files\ObjectsAndClasses">
      <UniqueIdentifier>{3cc229d0-46e9-4654-8e31-84a54594a639}</UniqueIdentifier>
    </Filter>
  </ItemGroup>
  <ItemGroup>
    <ClCompile Include="1205-Oct2022.cpp">
      <Filter>Source Files</Filter>
    </ClCompile>
    <ClCompile Include="Week4.cpp">
      <Filter>Source Files\Week5</Filter>
    </ClCompile>
    <ClCompile Include="Assignment5_TsungChihKe.cpp">
      <Filter>Source Files\Assignment5</Filter>
    </ClCompile>
    <ClCompile Include="Week5.cpp">
      <Filter>Source Files\Week5</Filter>
    </ClCompile>
    <ClCompile Include="ExploreCasting.cpp">
      <Filter>Source Files\Week5</Filter>
    </ClCompile>
    <ClCompile Include="RandomNumber.cpp">
      <Filter>Source Files\Week5</Filter>
    </ClCompile>
    <ClCompile Include="GuessingGame.cpp">
      <Filter>Source Files\Week5</Filter>
    </ClCompile>
    <ClCompile Include="BitwiseOperators.cpp">
      <Filter>Source Files\Week5</Filter>
    </ClCompile>
    <ClCompile Include="Assignment6A_TsungChihKe.cpp">
      <Filter>Source Files\Assignment6</Filter>
    </ClCompile>
    <ClCompile Include="Filestreamex1.cpp">
      <Filter>Source Files\Filestream</Filter>
    </ClCompile>
    <ClCompile Include="Assignment7_TsungChihKe.cpp">
      <Filter>Source Files\Filestream</Filter>
    </ClCompile>
    <ClCompile Include="Point.cpp">
      <Filter>Source Files\ObjectsAndClasses</Filter>
    </ClCompile>
    <ClCompile Include="ExerciseOfObject.cpp">
      <Filter>Source Files\ObjectsAndClasses</Filter>
    </ClCompile>
    <ClCompile Include="Fraction.cpp">
      <Filter>Source Files\ObjectsAndClasses</Filter>
    </ClCompile>
    <ClCompile Include="ExamineObjects.cpp">
      <Filter>Source Files\ObjectsAndClasses</Filter>
    </ClCompile>
    <ClCompile Include="3DPoint.cpp">
      <Filter>Source Files\ObjectsAndClasses</Filter>
    </ClCompile>
    <ClCompile Include="Node.cpp">
      <Filter>Source Files\ObjectsAndClasses</Filter>
    </ClCompile>
    <ClCompile Include="Employee.cpp">
      <Filter>Source Files\ObjectsAndClasses</Filter>
    </ClCompile>
    <ClCompile Include="PhoneNumber.cpp">
      <Filter>Source Files\ObjectsAndClasses</Filter>
    </ClCompile>
    <ClCompile Include="assignmentOfLinkedlistAndNotd.cpp">
      <Filter>Source Files\ObjectsAndClasses</Filter>
    </ClCompile>
  </ItemGroup>
  <ItemGroup>
    <ClInclude Include="Week4.h">
      <Filter>Source Files\Week5</Filter>
    </ClInclude>
    <ClInclude Include="Assignment5.h">
      <Filter>Source Files\Assignment5</Filter>
    </ClInclude>
    <ClInclude Include="Assignment6.h">
      <Filter>Source Files\Assignment6</Filter>
    </ClInclude>
    <ClInclude Include="filestream.h">
      <Filter>Source Files\Filestream</Filter>
    </ClInclude>
    <ClInclude Include="Point.h">
      <Filter>Source Files\ObjectsAndClasses</Filter>
    </ClInclude>
    <ClInclude Include="Fraction.h">
      <Filter>Source Files\ObjectsAndClasses</Filter>
    </ClInclude>
    <ClInclude Include="3DPoint.h">
      <Filter>Source Files\ObjectsAndClasses</Filter>
    </ClInclude>
    <ClInclude Include="Address.h">
      <Filter>Source Files\ObjectsAndClasses</Filter>
    </ClInclude>
    <ClInclude Include="PhoneNumber.h">
      <Filter>Source Files\ObjectsAndClasses</Filter>
    </ClInclude>
    <ClInclude Include="Employee.h">
      <Filter>Source Files\ObjectsAndClasses</Filter>
    </ClInclude>
    <ClInclude Include="Node.h">
      <Filter>Source Files\ObjectsAndClasses</Filter>
    </ClInclude>
    <ClInclude Include="LinkedList.h">
      <Filter>Source Files\ObjectsAndClasses</Filter>
    </ClInclude>
  </ItemGroup>
</Project>